
Microsoft Visual Studio Solution File, Format Version 12.00
# Visual Studio 2012
Project("{FAE04EC0-301F-11D3-BF4B-00C04F79EFBC}") = "TheAgency", "TheAgency\TheAgency.csproj", "{FB61EA6D-2D41-4133-BD2D-85459653123D}"
EndProject
Project("{FAE04EC0-301F-11D3-BF4B-00C04F79EFBC}") = "DAL", "DAL\DAL.csproj", "{7F258CB4-CE9A-4A64-A58B-DF8CDDBA2C58}"
EndProject
Project("{FAE04EC0-301F-11D3-BF4B-00C04F79EFBC}") = "WebApp", "WebApp\WebApp.csproj", "{88AC5EA7-76D6-4886-9A15-AB65FF21A747}"
EndProject
Global
	GlobalSection(SolutionConfigurationPlatforms) = preSolution
		Debug|Any CPU = Debug|Any CPU
		Release|Any CPU = Release|Any CPU
	EndGlobalSection
	GlobalSection(ProjectConfigurationPlatforms) = postSolution
		{FB61EA6D-2D41-4133-BD2D-85459653123D}.Debug|Any CPU.ActiveCfg = Debug|Any CPU
		{FB61EA6D-2D41-4133-BD2D-85459653123D}.Debug|Any CPU.Build.0 = Debug|Any CPU
		{FB61EA6D-2D41-4133-BD2D-85459653123D}.Release|Any CPU.ActiveCfg = Release|Any CPU
		{FB61EA6D-2D41-4133-BD2D-85459653123D}.Release|Any CPU.Build.0 = Release|Any CPU
		{7F258CB4-CE9A-4A64-A58B-DF8CDDBA2C58}.Debug|Any CPU.ActiveCfg = Debug|Any CPU
		{7F258CB4-CE9A-4A64-A58B-DF8CDDBA2C58}.Debug|Any CPU.Build.0 = Debug|Any CPU
		{7F258CB4-CE9A-4A64-A58B-DF8CDDBA2C58}.Release|Any CPU.ActiveCfg = Release|Any CPU
		{7F258CB4-CE9A-4A64-A58B-DF8CDDBA2C58}.Release|Any CPU.Build.0 = Release|Any CPU
		{88AC5EA7-76D6-4886-9A15-AB65FF21A747}.Debug|Any CPU.ActiveCfg = Debug|Any CPU
		{88AC5EA7-76D6-4886-9A15-AB65FF21A747}.Debug|Any CPU.Build.0 = Debug|Any CPU
		{88AC5EA7-76D6-4886-9A15-AB65FF21A747}.Release|Any CPU.ActiveCfg = Release|Any CPU
		{88AC5EA7-76D6-4886-9A15-AB65FF21A747}.Release|Any CPU.Build.0 = Release|Any CPU
	EndGlobalSection
	GlobalSection(SolutionProperties) = preSolution
		HideSolutionNode = FALSE
	EndGlobalSection
EndGlobal
